PODS:
  - AFNetworking (1.3.3)
  - FSExtendedAlertKit (0.1.0)
  - JSONKit (1.5pre)
  - MBProgressHUD (0.8)

DEPENDENCIES:
  - AFNetworking (< 1.9.9)
  - FSExtendedAlertKit
  - JSONKit
  - MBProgressHUD

SPEC CHECKSUMS:
  AFNetworking: 61fdd49e2ffe6380378df37b3b6e70630bb9dd66
  FSExtendedAlertKit: f4e7dc5f0feccfa280d1f88492e8f01e8e30b97f
  JSONKit: 409734ab3407fce90ef7eaa95d7168f38d9a6601
  MBProgressHUD: 2bbc6f470111daf7f3eaa4eb12b8cbf01c4c0622

COCOAPODS: 0.29.0
