PODS:
  - AFNetworking (1.3.3)
  - FSExtendedAlertKit (0.1.0)
  - JSONKit (1.5pre)
  - MBProgressHUD (0.8)

DEPENDENCIES:
  - AFNetworking (< 1.9.9)
  - FSExtendedAlertKit
  - JSONKit
  - MBProgressHUD

SPEC CHECKSUMS:
  AFNetworking: 5f5b2a731d6fc2082b8abc63d40fcaed5482c42f
  FSExtendedAlertKit: c87837d307dbf8be0dd2f432960262413530d5b2
  JSONKit: efef3bbd3372ff33f96b9c6f34cf4fe18e74ab69
  MBProgressHUD: c356980b0cd097f19acec959b49dca5eb8ec31be

COCOAPODS: 0.34.4
